
Microsoft Visual Studio Solution File, Format Version 12.00
# Visual Studio 14
VisualStudioVersion = 14.0.25420.1
MinimumVisualStudioVersion = 10.0.40219.1
Project("{FAE04EC0-301F-11D3-BF4B-00C04F79EFBC}") = "scr.core", "scr.core\scr.core.csproj", "{F7EC86ED-08F4-4179-BDA3-148CC0902D64}"
EndProject
Project("{FAE04EC0-301F-11D3-BF4B-00C04F79EFBC}") = "scr.cons", "scr.cons\scr.cons.csproj", "{A0F91E0B-15A6-4503-8871-1AA044B3334F}"
EndProject
Global
	GlobalSection(SolutionConfigurationPlatforms) = preSolution
		Debug|Any CPU = Debug|Any CPU
		Release|Any CPU = Release|Any CPU
	EndGlobalSection
	GlobalSection(ProjectConfigurationPlatforms) = postSolution
		{F7EC86ED-08F4-4179-BDA3-148CC0902D64}.Debug|Any CPU.ActiveCfg = Debug|Any CPU
		{F7EC86ED-08F4-4179-BDA3-148CC0902D64}.Debug|Any CPU.Build.0 = Debug|Any CPU
		{F7EC86ED-08F4-4179-BDA3-148CC0902D64}.Release|Any CPU.ActiveCfg = Release|Any CPU
		{F7EC86ED-08F4-4179-BDA3-148CC0902D64}.Release|Any CPU.Build.0 = Release|Any CPU
		{A0F91E0B-15A6-4503-8871-1AA044B3334F}.Debug|Any CPU.ActiveCfg = Debug|Any CPU
		{A0F91E0B-15A6-4503-8871-1AA044B3334F}.Debug|Any CPU.Build.0 = Debug|Any CPU
		{A0F91E0B-15A6-4503-8871-1AA044B3334F}.Release|Any CPU.ActiveCfg = Release|Any CPU
		{A0F91E0B-15A6-4503-8871-1AA044B3334F}.Release|Any CPU.Build.0 = Release|Any CPU
	EndGlobalSection
	GlobalSection(SolutionProperties) = preSolution
		HideSolutionNode = FALSE
	EndGlobalSection
EndGlobal
